
Microsoft Visual Studio Solution File, Format Version 12.00
# Visual Studio Version 17
VisualStudioVersion = 17.6.33815.320
MinimumVisualStudioVersion = 10.0.40219.1
Project("{9A19103F-16F7-4668-BE54-9A1E7A4F7556}") = "WebApplication3", "WebApplication3\WebApplication3.csproj", "{EA21FA50-1ADF-4A87-9444-EACB07A9A9D5}"
EndProject
Project("{9A19103F-16F7-4668-BE54-9A1E7A4F7556}") = "BulkyWebRazor", "BulkyWebRazor\BulkyWebRazor.csproj", "{BFCBF22F-EBFF-4918-BEC5-7F47FC73AC4E}"
EndProject
Project("{FAE04EC0-301F-11D3-BF4B-00C04F79EFBC}") = "Bulky.DataAccess", "Bulky.DataAccess\Bulky.DataAccess.csproj", "{489AB902-375A-464E-9193-0FC013CF89E4}"
EndProject
Project("{FAE04EC0-301F-11D3-BF4B-00C04F79EFBC}") = "Bulky.Models", "Bulky.Models\Bulky.Models.csproj", "{C19437CC-E6B2-490F-AAF7-1434ED40727B}"
EndProject
Project("{FAE04EC0-301F-11D3-BF4B-00C04F79EFBC}") = "Bulky.Utility", "Bulky.Utility\Bulky.Utility.csproj", "{F21786A6-2524-4AB6-BC78-55B5ACA75EA9}"
EndProject
Global
	GlobalSection(SolutionConfigurationPlatforms) = preSolution
		Debug|Any CPU = Debug|Any CPU
		Release|Any CPU = Release|Any CPU
	EndGlobalSection
	GlobalSection(ProjectConfigurationPlatforms) = postSolution
		{EA21FA50-1ADF-4A87-9444-EACB07A9A9D5}.Debug|Any CPU.ActiveCfg = Debug|Any CPU
		{EA21FA50-1ADF-4A87-9444-EACB07A9A9D5}.Debug|Any CPU.Build.0 = Debug|Any CPU
		{EA21FA50-1ADF-4A87-9444-EACB07A9A9D5}.Release|Any CPU.ActiveCfg = Release|Any CPU
		{EA21FA50-1ADF-4A87-9444-EACB07A9A9D5}.Release|Any CPU.Build.0 = Release|Any CPU
		{BFCBF22F-EBFF-4918-BEC5-7F47FC73AC4E}.Debug|Any CPU.ActiveCfg = Debug|Any CPU
		{BFCBF22F-EBFF-4918-BEC5-7F47FC73AC4E}.Debug|Any CPU.Build.0 = Debug|Any CPU
		{BFCBF22F-EBFF-4918-BEC5-7F47FC73AC4E}.Release|Any CPU.ActiveCfg = Release|Any CPU
		{BFCBF22F-EBFF-4918-BEC5-7F47FC73AC4E}.Release|Any CPU.Build.0 = Release|Any CPU
		{489AB902-375A-464E-9193-0FC013CF89E4}.Debug|Any CPU.ActiveCfg = Debug|Any CPU
		{489AB902-375A-464E-9193-0FC013CF89E4}.Debug|Any CPU.Build.0 = Debug|Any CPU
		{489AB902-375A-464E-9193-0FC013CF89E4}.Release|Any CPU.ActiveCfg = Release|Any CPU
		{489AB902-375A-464E-9193-0FC013CF89E4}.Release|Any CPU.Build.0 = Release|Any CPU
		{C19437CC-E6B2-490F-AAF7-1434ED40727B}.Debug|Any CPU.ActiveCfg = Debug|Any CPU
		{C19437CC-E6B2-490F-AAF7-1434ED40727B}.Debug|Any CPU.Build.0 = Debug|Any CPU
		{C19437CC-E6B2-490F-AAF7-1434ED40727B}.Release|Any CPU.ActiveCfg = Release|Any CPU
		{C19437CC-E6B2-490F-AAF7-1434ED40727B}.Release|Any CPU.Build.0 = Release|Any CPU
		{F21786A6-2524-4AB6-BC78-55B5ACA75EA9}.Debug|Any CPU.ActiveCfg = Debug|Any CPU
		{F21786A6-2524-4AB6-BC78-55B5ACA75EA9}.Debug|Any CPU.Build.0 = Debug|Any CPU
		{F21786A6-2524-4AB6-BC78-55B5ACA75EA9}.Release|Any CPU.ActiveCfg = Release|Any CPU
		{F21786A6-2524-4AB6-BC78-55B5ACA75EA9}.Release|Any CPU.Build.0 = Release|Any CPU
	EndGlobalSection
	GlobalSection(SolutionProperties) = preSolution
		HideSolutionNode = FALSE
	EndGlobalSection
	GlobalSection(ExtensibilityGlobals) = postSolution
		SolutionGuid = {9645024E-BCFF-4F91-9565-9815EF05F63A}
	EndGlobalSection
EndGlobal
